
Microsoft Visual Studio Solution File, Format Version 12.00
# Visual Studio Version 17
VisualStudioVersion = 17.3.32922.545
MinimumVisualStudioVersion = 10.0.40219.1
Project("{2150E333-8FDC-42A3-9474-1A3956D46DE8}") = "Services", "Services", "{0C48BDB6-247A-4482-A2E2-44F959BFE466}"
EndProject
Project("{2150E333-8FDC-42A3-9474-1A3956D46DE8}") = "Catalog", "Catalog", "{6D3A7531-A631-402E-A30D-DF8BAD55DC54}"
EndProject
Project("{9A19103F-16F7-4668-BE54-9A1E7A4F7556}") = "Catalog.API", "Services\Catalog\Catalog.API\Catalog.API.csproj", "{A872328D-EFA0-4A49-86E0-E1DF7B662C29}"
EndProject
Project("{E53339B2-1760-4266-BCC7-CA923CBCF16C}") = "docker-compose", "docker-compose.dcproj", "{A699DFB9-5C7C-4B4B-87A4-42C93138057A}"
	ProjectSection(ProjectDependencies) = postProject
		{A872328D-EFA0-4A49-86E0-E1DF7B662C29} = {A872328D-EFA0-4A49-86E0-E1DF7B662C29}
	EndProjectSection
EndProject
Project("{2150E333-8FDC-42A3-9474-1A3956D46DE8}") = "Basket", "Basket", "{C7A5047E-E526-4FE5-9937-A1C084583898}"
EndProject
Project("{9A19103F-16F7-4668-BE54-9A1E7A4F7556}") = "Basket.API", "Services\Basket\Basket.API\Basket.API.csproj", "{4A35405A-1C43-4599-84A9-17591CED16BA}"
EndProject
Project("{2150E333-8FDC-42A3-9474-1A3956D46DE8}") = "Discount", "Discount", "{0E01A6F2-05D8-4616-956A-632A21BD1F5B}"
EndProject
Project("{9A19103F-16F7-4668-BE54-9A1E7A4F7556}") = "Discount.API", "Services\Discount\Discount.API\Discount.API.csproj", "{74E62D46-5897-469E-B02A-7AAA048E1729}"
EndProject
Project("{FAE04EC0-301F-11D3-BF4B-00C04F79EFBC}") = "Discount.Grpc", "Services\Discount\Discount.Grpc\Discount.Grpc.csproj", "{5C295342-230E-4B69-9175-0E6E956A2284}"
EndProject
Global
	GlobalSection(SolutionConfigurationPlatforms) = preSolution
		Debug|Any CPU = Debug|Any CPU
		Release|Any CPU = Release|Any CPU
	EndGlobalSection
	GlobalSection(ProjectConfigurationPlatforms) = postSolution
		{A872328D-EFA0-4A49-86E0-E1DF7B662C29}.Debug|Any CPU.ActiveCfg = Debug|Any CPU
		{A872328D-EFA0-4A49-86E0-E1DF7B662C29}.Debug|Any CPU.Build.0 = Debug|Any CPU
		{A872328D-EFA0-4A49-86E0-E1DF7B662C29}.Release|Any CPU.ActiveCfg = Release|Any CPU
		{A872328D-EFA0-4A49-86E0-E1DF7B662C29}.Release|Any CPU.Build.0 = Release|Any CPU
		{A699DFB9-5C7C-4B4B-87A4-42C93138057A}.Debug|Any CPU.ActiveCfg = Debug|Any CPU
		{A699DFB9-5C7C-4B4B-87A4-42C93138057A}.Debug|Any CPU.Build.0 = Debug|Any CPU
		{A699DFB9-5C7C-4B4B-87A4-42C93138057A}.Release|Any CPU.ActiveCfg = Release|Any CPU
		{A699DFB9-5C7C-4B4B-87A4-42C93138057A}.Release|Any CPU.Build.0 = Release|Any CPU
		{4A35405A-1C43-4599-84A9-17591CED16BA}.Debug|Any CPU.ActiveCfg = Debug|Any CPU
		{4A35405A-1C43-4599-84A9-17591CED16BA}.Debug|Any CPU.Build.0 = Debug|Any CPU
		{4A35405A-1C43-4599-84A9-17591CED16BA}.Release|Any CPU.ActiveCfg = Release|Any CPU
		{4A35405A-1C43-4599-84A9-17591CED16BA}.Release|Any CPU.Build.0 = Release|Any CPU
		{74E62D46-5897-469E-B02A-7AAA048E1729}.Debug|Any CPU.ActiveCfg = Debug|Any CPU
		{74E62D46-5897-469E-B02A-7AAA048E1729}.Debug|Any CPU.Build.0 = Debug|Any CPU
		{74E62D46-5897-469E-B02A-7AAA048E1729}.Release|Any CPU.ActiveCfg = Release|Any CPU
		{74E62D46-5897-469E-B02A-7AAA048E1729}.Release|Any CPU.Build.0 = Release|Any CPU
		{5C295342-230E-4B69-9175-0E6E956A2284}.Debug|Any CPU.ActiveCfg = Debug|Any CPU
		{5C295342-230E-4B69-9175-0E6E956A2284}.Debug|Any CPU.Build.0 = Debug|Any CPU
		{5C295342-230E-4B69-9175-0E6E956A2284}.Release|Any CPU.ActiveCfg = Release|Any CPU
		{5C295342-230E-4B69-9175-0E6E956A2284}.Release|Any CPU.Build.0 = Release|Any CPU
	EndGlobalSection
	GlobalSection(SolutionProperties) = preSolution
		HideSolutionNode = FALSE
	EndGlobalSection
	GlobalSection(NestedProjects) = preSolution
		{6D3A7531-A631-402E-A30D-DF8BAD55DC54} = {0C48BDB6-247A-4482-A2E2-44F959BFE466}
		{A872328D-EFA0-4A49-86E0-E1DF7B662C29} = {6D3A7531-A631-402E-A30D-DF8BAD55DC54}
		{C7A5047E-E526-4FE5-9937-A1C084583898} = {0C48BDB6-247A-4482-A2E2-44F959BFE466}
		{4A35405A-1C43-4599-84A9-17591CED16BA} = {C7A5047E-E526-4FE5-9937-A1C084583898}
		{0E01A6F2-05D8-4616-956A-632A21BD1F5B} = {0C48BDB6-247A-4482-A2E2-44F959BFE466}
		{74E62D46-5897-469E-B02A-7AAA048E1729} = {0E01A6F2-05D8-4616-956A-632A21BD1F5B}
		{5C295342-230E-4B69-9175-0E6E956A2284} = {0E01A6F2-05D8-4616-956A-632A21BD1F5B}
	EndGlobalSection
	GlobalSection(ExtensibilityGlobals) = postSolution
		SolutionGuid = {ED395158-0787-41EF-91C2-8BCEB8A1CBF7}
	EndGlobalSection
EndGlobal
